
Microsoft Visual Studio Solution File, Format Version 12.00
# Visual Studio Version 16
VisualStudioVersion = 16.0.31321.278
MinimumVisualStudioVersion = 10.0.40219.1
Project("{FAE04EC0-301F-11D3-BF4B-00C04F79EFBC}") = "ValyutaViewJsonExcample", "ValyutaViewJsonExcample\ValyutaViewJsonExcample.csproj", "{F08D0A73-1205-4958-99C3-AB00A98E18DF}"
EndProject
Global
	GlobalSection(SolutionConfigurationPlatforms) = preSolution
		Debug|Any CPU = Debug|Any CPU
		Release|Any CPU = Release|Any CPU
	EndGlobalSection
	GlobalSection(ProjectConfigurationPlatforms) = postSolution
		{F08D0A73-1205-4958-99C3-AB00A98E18DF}.Debug|Any CPU.ActiveCfg = Debug|Any CPU
		{F08D0A73-1205-4958-99C3-AB00A98E18DF}.Debug|Any CPU.Build.0 = Debug|Any CPU
		{F08D0A73-1205-4958-99C3-AB00A98E18DF}.Release|Any CPU.ActiveCfg = Release|Any CPU
		{F08D0A73-1205-4958-99C3-AB00A98E18DF}.Release|Any CPU.Build.0 = Release|Any CPU
	EndGlobalSection
	GlobalSection(SolutionProperties) = preSolution
		HideSolutionNode = FALSE
	EndGlobalSection
	GlobalSection(ExtensibilityGlobals) = postSolution
		SolutionGuid = {1B35344F-2913-48C0-925A-A83F493D92CF}
	EndGlobalSection
EndGlobal
